
Microsoft Visual Studio Solution File, Format Version 12.00
# Visual Studio Version 17
VisualStudioVersion = 17.6.33829.357
MinimumVisualStudioVersion = 10.0.40219.1
Project("{FAE04EC0-301F-11D3-BF4B-00C04F79EFBC}") = "AngularNew", "AngularNew\AngularNew.csproj", "{72671527-97AF-4EBC-AD60-7880761E2225}"
EndProject
Global
	GlobalSection(SolutionConfigurationPlatforms) = preSolution
		Debug|Any CPU = Debug|Any CPU
		Release|Any CPU = Release|Any CPU
	EndGlobalSection
	GlobalSection(ProjectConfigurationPlatforms) = postSolution
		{72671527-97AF-4EBC-AD60-7880761E2225}.Debug|Any CPU.ActiveCfg = Debug|Any CPU
		{72671527-97AF-4EBC-AD60-7880761E2225}.Debug|Any CPU.Build.0 = Debug|Any CPU
		{72671527-97AF-4EBC-AD60-7880761E2225}.Release|Any CPU.ActiveCfg = Release|Any CPU
		{72671527-97AF-4EBC-AD60-7880761E2225}.Release|Any CPU.Build.0 = Release|Any CPU
	EndGlobalSection
	GlobalSection(SolutionProperties) = preSolution
		HideSolutionNode = FALSE
	EndGlobalSection
	GlobalSection(ExtensibilityGlobals) = postSolution
		SolutionGuid = {E45077D0-1E26-413A-ACA0-F92DB83930A3}
	EndGlobalSection
EndGlobal
